github.com/Herrscherd/dctl v1.1.0 h1:8CWTzhmv6U0KzZhJ0XrfHmZOn4+ZKMDY9tOLg6P2thQ=
github.com/Herrscherd/dctl v1.1.0/go.mod h1:43yI1s+IzYjP0MPwkkN3rTKrBgXxqA2t7W6bkIjdiPA=
github.com/Herrscherd/herrscher-contracts v0.1.1 h1:ooQ1SL4eXqtSKbuRseIh5rYaRwiom3iW10t6rijGvJo=
github.com/Herrscherd/herrscher-contracts v0.1.1/go.mod h1:LM6PwTwJwF4+uVjeqIGFhWZOaQbLPtUxyhjD9ji+NmI=
